
Microsoft Visual Studio Solution File, Format Version 10.00
# Visual Studio 2008
Project("{8BC9CEB8-8B4A-11D0-8D11-00A0C91BC942}") = "GCMDemo", "GCMDemo.vcproj", "{BCE29214-81D4-4199-AB88-149615C58A7D}"
EndProject
Global
	GlobalSection(SolutionConfigurationPlatforms) = preSolution
		Debug|Win32 = Debug|Win32
		Release|Win32 = Release|Win32
	EndGlobalSection
	GlobalSection(ProjectConfigurationPlatforms) = postSolution
		{BCE29214-81D4-4199-AB88-149615C58A7D}.Debug|Win32.ActiveCfg = Debug|Win32
		{BCE29214-81D4-4199-AB88-149615C58A7D}.Debug|Win32.Build.0 = Debug|Win32
		{BCE29214-81D4-4199-AB88-149615C58A7D}.Release|Win32.ActiveCfg = Release|Win32
		{BCE29214-81D4-4199-AB88-149615C58A7D}.Release|Win32.Build.0 = Release|Win32
	EndGlobalSection
	GlobalSection(SolutionProperties) = preSolution
		HideSolutionNode = FALSE
	EndGlobalSection
EndGlobal
